# This file is autogenerated, do not edit; changes may be undone by the next 'dep ensure'.


[[projects]]
  digest = "1:0deddd908b6b4b768cfc272c16ee61e7088a60f7fe2f06c547bd3d8e1f8b8e77"
  name = "github.com/davecgh/go-spew"
  packages = ["spew"]
  pruneopts = ""
  revision = "8991bc29aa16c548c550c7ff78260e27b9ab7c73"
  version = "v1.1.1"

[[projects]]
  digest = "1:883e2fdbdd0e577187bd8106fec775b1176059af267a7f40eba5308955c67d52"
  name = "github.com/gorilla/mux"
  packages = ["."]
  pruneopts = ""
  revision = "00bdffe0f3c77e27d2cf6f5c70232a2d3e4d9c15"
  version = "v1.7.3"

[[projects]]
  digest = "1:7df5a9695a743c3e1626b28bb8741602c8c15527e1efaeaec48ab2ff9a23f74c"
  name = "github.com/joho/godotenv"
  packages = ["."]
  pruneopts = ""
  revision = "23d116af351c84513e1946b527c88823e476be13"
  version = "v1.3.0"

[[projects]]
  branch = "master"
  digest = "1:75c7cddb975e64113d6bb98ac2b79a75fadf218c3e4be1b1971523f04db3792a"
  name = "github.com/lanvard/contract"
  packages = [
    "decorator",
    "http",
  ]
  pruneopts = ""
  revision = "2b8b88805eec1ca82a365a685fbcd7cddd8f7592"

[[projects]]
  branch = "master"
  digest = "1:f406e6066f32328111b0e48bbc5f85bc968c776393da38c8f31ddd0d68cbc1a6"
  name = "github.com/lanvard/http"
  packages = ["."]
  pruneopts = ""
  revision = "0d2ec45d65ea09b6c16eb3e227ff359601fc3f7d"

[[projects]]
  branch = "master"
  digest = "1:2536f997701ac36511e3e78ce0bd3ea856d1e31baec72404553cb3122c62bf2e"
  name = "github.com/lanvard/routing"
  packages = [
    ".",
    "router",
  ]
  pruneopts = ""
  revision = "f1e4785ba1f142889dfc85e6dc28245fd65c30a3"

[[projects]]
  branch = "develop"
  digest = "1:c03e1c27b2ead00c13b76c3ead8dbcc3456ff96c27a1ef1f39015fd3f2c1631d"
  name = "github.com/lanvard/support"
  packages = [
    ".",
    "caller",
  ]
  pruneopts = ""
  revision = "13208eb69e0717fd921f99783f6cf29d035c2b3e"

[[projects]]
  digest = "1:256484dbbcd271f9ecebc6795b2df8cad4c458dd0f5fd82a8c2fa0c29f233411"
  name = "github.com/pmezard/go-difflib"
  packages = ["difflib"]
  pruneopts = ""
  revision = "792786c7400a136282c1664665ae0a8db921c6c2"
  version = "v1.0.0"

[[projects]]
  digest = "1:f7b541897bcde05a04a044c342ddc7425aab7e331f37b47fbb486cd16324b48e"
  name = "github.com/stretchr/testify"
  packages = ["assert"]
  pruneopts = ""
  revision = "221dbe5ed46703ee255b1da0dec05086f5035f62"
  version = "v1.4.0"

[[projects]]
  digest = "1:5a53f6ef09fb1ac261a97f8a72e8837ff53cbaa969022a6679da210e4cbe9b0f"
  name = "gopkg.in/yaml.v2"
  packages = ["."]
  pruneopts = ""
  revision = "1f64d6156d11335c3f22d9330b0ad14fc1e789ce"
  version = "v2.2.7"

[[projects]]
  branch = "master"
  digest = "1:d203f29d0334a99f5ca8b939831a59b4951aa48a0baf18c1d3219bf91a840968"
  name = "upspin.io"
  packages = [
    "errors",
    "log",
    "upspin",
  ]
  pruneopts = ""
  revision = "e5f200a5136b1a1d932e07064f499e4179a800e2"

[solve-meta]
  analyzer-name = "dep"
  analyzer-version = 1
  input-imports = [
    "github.com/lanvard/contract/decorator",
    "github.com/lanvard/contract/http",
    "github.com/lanvard/http",
    "github.com/lanvard/routing/router",
    "github.com/lanvard/support",
    "github.com/stretchr/testify/assert",
    "upspin.io/errors",
  ]
  solver-name = "gps-cdcl"
  solver-version = 1
